
Microsoft Visual Studio Solution File, Format Version 12.00
Project("{FAE04EC0-301F-11D3-BF4B-00C04F79EFBC}") = "SoftShell", "SoftShell\SoftShell.csproj", "{94B467A2-3C1C-44B1-A7E9-9A17DC628A93}"
EndProject
Project("{FAE04EC0-301F-11D3-BF4B-00C04F79EFBC}") = "SoftShell.Utils", "SoftShell.Utils\SoftShell.Utils.csproj", "{527AC6FD-6E70-44C3-9A40-9E8556E42232}"
EndProject
Project("{FAE04EC0-301F-11D3-BF4B-00C04F79EFBC}") = "SoftShell.Core", "SoftShell.Core\SoftShell.Core.csproj", "{1375659D-5872-442D-9E5C-63D07A8E47A7}"
EndProject
Global
	GlobalSection(SolutionConfigurationPlatforms) = preSolution
		Debug|Any CPU = Debug|Any CPU
		Release|Any CPU = Release|Any CPU
	EndGlobalSection
	GlobalSection(ProjectConfigurationPlatforms) = postSolution
		{94B467A2-3C1C-44B1-A7E9-9A17DC628A93}.Debug|Any CPU.ActiveCfg = Debug|Any CPU
		{94B467A2-3C1C-44B1-A7E9-9A17DC628A93}.Debug|Any CPU.Build.0 = Debug|Any CPU
		{94B467A2-3C1C-44B1-A7E9-9A17DC628A93}.Release|Any CPU.ActiveCfg = Release|Any CPU
		{94B467A2-3C1C-44B1-A7E9-9A17DC628A93}.Release|Any CPU.Build.0 = Release|Any CPU
		{527AC6FD-6E70-44C3-9A40-9E8556E42232}.Debug|Any CPU.ActiveCfg = Debug|Any CPU
		{527AC6FD-6E70-44C3-9A40-9E8556E42232}.Debug|Any CPU.Build.0 = Debug|Any CPU
		{527AC6FD-6E70-44C3-9A40-9E8556E42232}.Release|Any CPU.ActiveCfg = Release|Any CPU
		{527AC6FD-6E70-44C3-9A40-9E8556E42232}.Release|Any CPU.Build.0 = Release|Any CPU
		{1375659D-5872-442D-9E5C-63D07A8E47A7}.Debug|Any CPU.ActiveCfg = Debug|Any CPU
		{1375659D-5872-442D-9E5C-63D07A8E47A7}.Debug|Any CPU.Build.0 = Debug|Any CPU
		{1375659D-5872-442D-9E5C-63D07A8E47A7}.Release|Any CPU.ActiveCfg = Release|Any CPU
		{1375659D-5872-442D-9E5C-63D07A8E47A7}.Release|Any CPU.Build.0 = Release|Any CPU
	EndGlobalSection
EndGlobal
